
Microsoft Visual Studio Solution File, Format Version 12.00
# Visual Studio 15
VisualStudioVersion = 15.0.26124.0
MinimumVisualStudioVersion = 15.0.26124.0
Project("{2150E333-8FDC-42A3-9474-1A3956D46DE8}") = "src", "src", "{8DA377A2-1BFE-4848-9346-5F69C1D181B0}"
EndProject
Project("{FAE04EC0-301F-11D3-BF4B-00C04F79EFBC}") = "rift.domain", "src\rift.domain\rift.domain.csproj", "{E79EEC06-7F53-4209-B0B3-281A0C6109D2}"
EndProject
Project("{FAE04EC0-301F-11D3-BF4B-00C04F79EFBC}") = "rift.interfaces", "src\rift.interfaces\rift.interfaces.csproj", "{77A87B91-D6EA-435F-9C05-F9D909E70A7F}"
EndProject
Project("{FAE04EC0-301F-11D3-BF4B-00C04F79EFBC}") = "rift.services", "src\rift.services\rift.services.csproj", "{4ACF3EF9-931A-44F1-850B-9B133F30E8E6}"
EndProject
Project("{FAE04EC0-301F-11D3-BF4B-00C04F79EFBC}") = "rift.web", "src\rift.web\rift.web.csproj", "{44BADD00-3EF7-4578-950B-76F87D371430}"
EndProject
Project("{2150E333-8FDC-42A3-9474-1A3956D46DE8}") = "tests", "tests", "{867A5C75-1EB4-4C34-BF8A-2F50FE9C9E3C}"
EndProject
Project("{FAE04EC0-301F-11D3-BF4B-00C04F79EFBC}") = "rift.domain.test", "tests\rift.domain.test\rift.domain.test.csproj", "{20A2DD63-7B1C-415B-A63D-98DF7D0F7879}"
EndProject
Project("{FAE04EC0-301F-11D3-BF4B-00C04F79EFBC}") = "rift.interfaces.test", "tests\rift.interfaces.test\rift.interfaces.test.csproj", "{2CA72C77-131B-498A-A59A-606A7FF8998F}"
EndProject
Project("{FAE04EC0-301F-11D3-BF4B-00C04F79EFBC}") = "rift.services.test", "tests\rift.services.test\rift.services.test.csproj", "{AD42C956-B0FA-44B9-9527-60EDB8E4FCF8}"
EndProject
Project("{FAE04EC0-301F-11D3-BF4B-00C04F79EFBC}") = "rift.web.test", "tests\rift.web.test\rift.web.test.csproj", "{2A296EC7-F330-4003-97F8-F37D26D07CF9}"
EndProject
Project("{FAE04EC0-301F-11D3-BF4B-00C04F79EFBC}") = "rift.data", "src\rift.data\rift.data.csproj", "{719E2A92-3C37-4E8F-B6C8-A98D95EB0FD8}"
EndProject
Global
	GlobalSection(SolutionConfigurationPlatforms) = preSolution
		Debug|Any CPU = Debug|Any CPU
		Debug|x64 = Debug|x64
		Debug|x86 = Debug|x86
		Release|Any CPU = Release|Any CPU
		Release|x64 = Release|x64
		Release|x86 = Release|x86
	EndGlobalSection
	GlobalSection(SolutionProperties) = preSolution
		HideSolutionNode = FALSE
	EndGlobalSection
	GlobalSection(ProjectConfigurationPlatforms) = postSolution
		{E79EEC06-7F53-4209-B0B3-281A0C6109D2}.Debug|Any CPU.ActiveCfg = Debug|Any CPU
		{E79EEC06-7F53-4209-B0B3-281A0C6109D2}.Debug|Any CPU.Build.0 = Debug|Any CPU
		{E79EEC06-7F53-4209-B0B3-281A0C6109D2}.Debug|x64.ActiveCfg = Debug|Any CPU
		{E79EEC06-7F53-4209-B0B3-281A0C6109D2}.Debug|x64.Build.0 = Debug|Any CPU
		{E79EEC06-7F53-4209-B0B3-281A0C6109D2}.Debug|x86.ActiveCfg = Debug|Any CPU
		{E79EEC06-7F53-4209-B0B3-281A0C6109D2}.Debug|x86.Build.0 = Debug|Any CPU
		{E79EEC06-7F53-4209-B0B3-281A0C6109D2}.Release|Any CPU.ActiveCfg = Release|Any CPU
		{E79EEC06-7F53-4209-B0B3-281A0C6109D2}.Release|Any CPU.Build.0 = Release|Any CPU
		{E79EEC06-7F53-4209-B0B3-281A0C6109D2}.Release|x64.ActiveCfg = Release|Any CPU
		{E79EEC06-7F53-4209-B0B3-281A0C6109D2}.Release|x64.Build.0 = Release|Any CPU
		{E79EEC06-7F53-4209-B0B3-281A0C6109D2}.Release|x86.ActiveCfg = Release|Any CPU
		{E79EEC06-7F53-4209-B0B3-281A0C6109D2}.Release|x86.Build.0 = Release|Any CPU
		{77A87B91-D6EA-435F-9C05-F9D909E70A7F}.Debug|Any CPU.ActiveCfg = Debug|Any CPU
		{77A87B91-D6EA-435F-9C05-F9D909E70A7F}.Debug|Any CPU.Build.0 = Debug|Any CPU
		{77A87B91-D6EA-435F-9C05-F9D909E70A7F}.Debug|x64.ActiveCfg = Debug|Any CPU
		{77A87B91-D6EA-435F-9C05-F9D909E70A7F}.Debug|x64.Build.0 = Debug|Any CPU
		{77A87B91-D6EA-435F-9C05-F9D909E70A7F}.Debug|x86.ActiveCfg = Debug|Any CPU
		{77A87B91-D6EA-435F-9C05-F9D909E70A7F}.Debug|x86.Build.0 = Debug|Any CPU
		{77A87B91-D6EA-435F-9C05-F9D909E70A7F}.Release|Any CPU.ActiveCfg = Release|Any CPU
		{77A87B91-D6EA-435F-9C05-F9D909E70A7F}.Release|Any CPU.Build.0 = Release|Any CPU
		{77A87B91-D6EA-435F-9C05-F9D909E70A7F}.Release|x64.ActiveCfg = Release|Any CPU
		{77A87B91-D6EA-435F-9C05-F9D909E70A7F}.Release|x64.Build.0 = Release|Any CPU
		{77A87B91-D6EA-435F-9C05-F9D909E70A7F}.Release|x86.ActiveCfg = Release|Any CPU
		{77A87B91-D6EA-435F-9C05-F9D909E70A7F}.Release|x86.Build.0 = Release|Any CPU
		{4ACF3EF9-931A-44F1-850B-9B133F30E8E6}.Debug|Any CPU.ActiveCfg = Debug|Any CPU
		{4ACF3EF9-931A-44F1-850B-9B133F30E8E6}.Debug|Any CPU.Build.0 = Debug|Any CPU
		{4ACF3EF9-931A-44F1-850B-9B133F30E8E6}.Debug|x64.ActiveCfg = Debug|Any CPU
		{4ACF3EF9-931A-44F1-850B-9B133F30E8E6}.Debug|x64.Build.0 = Debug|Any CPU
		{4ACF3EF9-931A-44F1-850B-9B133F30E8E6}.Debug|x86.ActiveCfg = Debug|Any CPU
		{4ACF3EF9-931A-44F1-850B-9B133F30E8E6}.Debug|x86.Build.0 = Debug|Any CPU
		{4ACF3EF9-931A-44F1-850B-9B133F30E8E6}.Release|Any CPU.ActiveCfg = Release|Any CPU
		{4ACF3EF9-931A-44F1-850B-9B133F30E8E6}.Release|Any CPU.Build.0 = Release|Any CPU
		{4ACF3EF9-931A-44F1-850B-9B133F30E8E6}.Release|x64.ActiveCfg = Release|Any CPU
		{4ACF3EF9-931A-44F1-850B-9B133F30E8E6}.Release|x64.Build.0 = Release|Any CPU
		{4ACF3EF9-931A-44F1-850B-9B133F30E8E6}.Release|x86.ActiveCfg = Release|Any CPU
		{4ACF3EF9-931A-44F1-850B-9B133F30E8E6}.Release|x86.Build.0 = Release|Any CPU
		{44BADD00-3EF7-4578-950B-76F87D371430}.Debug|Any CPU.ActiveCfg = Debug|Any CPU
		{44BADD00-3EF7-4578-950B-76F87D371430}.Debug|Any CPU.Build.0 = Debug|Any CPU
		{44BADD00-3EF7-4578-950B-76F87D371430}.Debug|x64.ActiveCfg = Debug|Any CPU
		{44BADD00-3EF7-4578-950B-76F87D371430}.Debug|x64.Build.0 = Debug|Any CPU
		{44BADD00-3EF7-4578-950B-76F87D371430}.Debug|x86.ActiveCfg = Debug|Any CPU
		{44BADD00-3EF7-4578-950B-76F87D371430}.Debug|x86.Build.0 = Debug|Any CPU
		{44BADD00-3EF7-4578-950B-76F87D371430}.Release|Any CPU.ActiveCfg = Release|Any CPU
		{44BADD00-3EF7-4578-950B-76F87D371430}.Release|Any CPU.Build.0 = Release|Any CPU
		{44BADD00-3EF7-4578-950B-76F87D371430}.Release|x64.ActiveCfg = Release|Any CPU
		{44BADD00-3EF7-4578-950B-76F87D371430}.Release|x64.Build.0 = Release|Any CPU
		{44BADD00-3EF7-4578-950B-76F87D371430}.Release|x86.ActiveCfg = Release|Any CPU
		{44BADD00-3EF7-4578-950B-76F87D371430}.Release|x86.Build.0 = Release|Any CPU
		{20A2DD63-7B1C-415B-A63D-98DF7D0F7879}.Debug|Any CPU.ActiveCfg = Debug|Any CPU
		{20A2DD63-7B1C-415B-A63D-98DF7D0F7879}.Debug|Any CPU.Build.0 = Debug|Any CPU
		{20A2DD63-7B1C-415B-A63D-98DF7D0F7879}.Debug|x64.ActiveCfg = Debug|Any CPU
		{20A2DD63-7B1C-415B-A63D-98DF7D0F7879}.Debug|x64.Build.0 = Debug|Any CPU
		{20A2DD63-7B1C-415B-A63D-98DF7D0F7879}.Debug|x86.ActiveCfg = Debug|Any CPU
		{20A2DD63-7B1C-415B-A63D-98DF7D0F7879}.Debug|x86.Build.0 = Debug|Any CPU
		{20A2DD63-7B1C-415B-A63D-98DF7D0F7879}.Release|Any CPU.ActiveCfg = Release|Any CPU
		{20A2DD63-7B1C-415B-A63D-98DF7D0F7879}.Release|Any CPU.Build.0 = Release|Any CPU
		{20A2DD63-7B1C-415B-A63D-98DF7D0F7879}.Release|x64.ActiveCfg = Release|Any CPU
		{20A2DD63-7B1C-415B-A63D-98DF7D0F7879}.Release|x64.Build.0 = Release|Any CPU
		{20A2DD63-7B1C-415B-A63D-98DF7D0F7879}.Release|x86.ActiveCfg = Release|Any CPU
		{20A2DD63-7B1C-415B-A63D-98DF7D0F7879}.Release|x86.Build.0 = Release|Any CPU
		{2CA72C77-131B-498A-A59A-606A7FF8998F}.Debug|Any CPU.ActiveCfg = Debug|Any CPU
		{2CA72C77-131B-498A-A59A-606A7FF8998F}.Debug|Any CPU.Build.0 = Debug|Any CPU
		{2CA72C77-131B-498A-A59A-606A7FF8998F}.Debug|x64.ActiveCfg = Debug|Any CPU
		{2CA72C77-131B-498A-A59A-606A7FF8998F}.Debug|x64.Build.0 = Debug|Any CPU
		{2CA72C77-131B-498A-A59A-606A7FF8998F}.Debug|x86.ActiveCfg = Debug|Any CPU
		{2CA72C77-131B-498A-A59A-606A7FF8998F}.Debug|x86.Build.0 = Debug|Any CPU
		{2CA72C77-131B-498A-A59A-606A7FF8998F}.Release|Any CPU.ActiveCfg = Release|Any CPU
		{2CA72C77-131B-498A-A59A-606A7FF8998F}.Release|Any CPU.Build.0 = Release|Any CPU
		{2CA72C77-131B-498A-A59A-606A7FF8998F}.Release|x64.ActiveCfg = Release|Any CPU
		{2CA72C77-131B-498A-A59A-606A7FF8998F}.Release|x64.Build.0 = Release|Any CPU
		{2CA72C77-131B-498A-A59A-606A7FF8998F}.Release|x86.ActiveCfg = Release|Any CPU
		{2CA72C77-131B-498A-A59A-606A7FF8998F}.Release|x86.Build.0 = Release|Any CPU
		{AD42C956-B0FA-44B9-9527-60EDB8E4FCF8}.Debug|Any CPU.ActiveCfg = Debug|Any CPU
		{AD42C956-B0FA-44B9-9527-60EDB8E4FCF8}.Debug|Any CPU.Build.0 = Debug|Any CPU
		{AD42C956-B0FA-44B9-9527-60EDB8E4FCF8}.Debug|x64.ActiveCfg = Debug|Any CPU
		{AD42C956-B0FA-44B9-9527-60EDB8E4FCF8}.Debug|x64.Build.0 = Debug|Any CPU
		{AD42C956-B0FA-44B9-9527-60EDB8E4FCF8}.Debug|x86.ActiveCfg = Debug|Any CPU
		{AD42C956-B0FA-44B9-9527-60EDB8E4FCF8}.Debug|x86.Build.0 = Debug|Any CPU
		{AD42C956-B0FA-44B9-9527-60EDB8E4FCF8}.Release|Any CPU.ActiveCfg = Release|Any CPU
		{AD42C956-B0FA-44B9-9527-60EDB8E4FCF8}.Release|Any CPU.Build.0 = Release|Any CPU
		{AD42C956-B0FA-44B9-9527-60EDB8E4FCF8}.Release|x64.ActiveCfg = Release|Any CPU
		{AD42C956-B0FA-44B9-9527-60EDB8E4FCF8}.Release|x64.Build.0 = Release|Any CPU
		{AD42C956-B0FA-44B9-9527-60EDB8E4FCF8}.Release|x86.ActiveCfg = Release|Any CPU
		{AD42C956-B0FA-44B9-9527-60EDB8E4FCF8}.Release|x86.Build.0 = Release|Any CPU
		{2A296EC7-F330-4003-97F8-F37D26D07CF9}.Debug|Any CPU.ActiveCfg = Debug|Any CPU
		{2A296EC7-F330-4003-97F8-F37D26D07CF9}.Debug|Any CPU.Build.0 = Debug|Any CPU
		{2A296EC7-F330-4003-97F8-F37D26D07CF9}.Debug|x64.ActiveCfg = Debug|Any CPU
		{2A296EC7-F330-4003-97F8-F37D26D07CF9}.Debug|x64.Build.0 = Debug|Any CPU
		{2A296EC7-F330-4003-97F8-F37D26D07CF9}.Debug|x86.ActiveCfg = Debug|Any CPU
		{2A296EC7-F330-4003-97F8-F37D26D07CF9}.Debug|x86.Build.0 = Debug|Any CPU
		{2A296EC7-F330-4003-97F8-F37D26D07CF9}.Release|Any CPU.ActiveCfg = Release|Any CPU
		{2A296EC7-F330-4003-97F8-F37D26D07CF9}.Release|Any CPU.Build.0 = Release|Any CPU
		{2A296EC7-F330-4003-97F8-F37D26D07CF9}.Release|x64.ActiveCfg = Release|Any CPU
		{2A296EC7-F330-4003-97F8-F37D26D07CF9}.Release|x64.Build.0 = Release|Any CPU
		{2A296EC7-F330-4003-97F8-F37D26D07CF9}.Release|x86.ActiveCfg = Release|Any CPU
		{2A296EC7-F330-4003-97F8-F37D26D07CF9}.Release|x86.Build.0 = Release|Any CPU
		{719E2A92-3C37-4E8F-B6C8-A98D95EB0FD8}.Debug|Any CPU.ActiveCfg = Debug|Any CPU
		{719E2A92-3C37-4E8F-B6C8-A98D95EB0FD8}.Debug|Any CPU.Build.0 = Debug|Any CPU
		{719E2A92-3C37-4E8F-B6C8-A98D95EB0FD8}.Debug|x64.ActiveCfg = Debug|Any CPU
		{719E2A92-3C37-4E8F-B6C8-A98D95EB0FD8}.Debug|x64.Build.0 = Debug|Any CPU
		{719E2A92-3C37-4E8F-B6C8-A98D95EB0FD8}.Debug|x86.ActiveCfg = Debug|Any CPU
		{719E2A92-3C37-4E8F-B6C8-A98D95EB0FD8}.Debug|x86.Build.0 = Debug|Any CPU
		{719E2A92-3C37-4E8F-B6C8-A98D95EB0FD8}.Release|Any CPU.ActiveCfg = Release|Any CPU
		{719E2A92-3C37-4E8F-B6C8-A98D95EB0FD8}.Release|Any CPU.Build.0 = Release|Any CPU
		{719E2A92-3C37-4E8F-B6C8-A98D95EB0FD8}.Release|x64.ActiveCfg = Release|Any CPU
		{719E2A92-3C37-4E8F-B6C8-A98D95EB0FD8}.Release|x64.Build.0 = Release|Any CPU
		{719E2A92-3C37-4E8F-B6C8-A98D95EB0FD8}.Release|x86.ActiveCfg = Release|Any CPU
		{719E2A92-3C37-4E8F-B6C8-A98D95EB0FD8}.Release|x86.Build.0 = Release|Any CPU
	EndGlobalSection
	GlobalSection(NestedProjects) = preSolution
		{E79EEC06-7F53-4209-B0B3-281A0C6109D2} = {8DA377A2-1BFE-4848-9346-5F69C1D181B0}
		{77A87B91-D6EA-435F-9C05-F9D909E70A7F} = {8DA377A2-1BFE-4848-9346-5F69C1D181B0}
		{4ACF3EF9-931A-44F1-850B-9B133F30E8E6} = {8DA377A2-1BFE-4848-9346-5F69C1D181B0}
		{44BADD00-3EF7-4578-950B-76F87D371430} = {8DA377A2-1BFE-4848-9346-5F69C1D181B0}
		{20A2DD63-7B1C-415B-A63D-98DF7D0F7879} = {867A5C75-1EB4-4C34-BF8A-2F50FE9C9E3C}
		{2CA72C77-131B-498A-A59A-606A7FF8998F} = {867A5C75-1EB4-4C34-BF8A-2F50FE9C9E3C}
		{AD42C956-B0FA-44B9-9527-60EDB8E4FCF8} = {867A5C75-1EB4-4C34-BF8A-2F50FE9C9E3C}
		{2A296EC7-F330-4003-97F8-F37D26D07CF9} = {867A5C75-1EB4-4C34-BF8A-2F50FE9C9E3C}
		{719E2A92-3C37-4E8F-B6C8-A98D95EB0FD8} = {8DA377A2-1BFE-4848-9346-5F69C1D181B0}
	EndGlobalSection
EndGlobal
